# This file is automatically @generated by Cargo.
# It is not intended for manual editing.
version = 3

[[package]]
name = "graph-base"
version = "0.1.0"

[[package]]
name = "lowlink"
version = "0.1.0"
dependencies = [
 "graph-base",
]

[[package]]
name = "shortest_path"
version = "0.1.0"
dependencies = [
 "graph-base",
 "zero",
]

[[package]]
name = "unionfind"
version = "0.1.0"

[[package]]
name = "zero"
version = "0.1.0"
